
Microsoft Visual Studio Solution File, Format Version 12.00
# Visual Studio 2012
Project("{FAE04EC0-301F-11D3-BF4B-00C04F79EFBC}") = "webstart", "webstart\webstart.csproj", "{53C3B778-7F08-476D-8369-6A539AE0A271}"
EndProject
Global
	GlobalSection(SolutionConfigurationPlatforms) = preSolution
		Debug|Any CPU = Debug|Any CPU
		Release|Any CPU = Release|Any CPU
	EndGlobalSection
	GlobalSection(ProjectConfigurationPlatforms) = postSolution
		{53C3B778-7F08-476D-8369-6A539AE0A271}.Debug|Any CPU.ActiveCfg = Debug|Any CPU
		{53C3B778-7F08-476D-8369-6A539AE0A271}.Debug|Any CPU.Build.0 = Debug|Any CPU
		{53C3B778-7F08-476D-8369-6A539AE0A271}.Release|Any CPU.ActiveCfg = Release|Any CPU
		{53C3B778-7F08-476D-8369-6A539AE0A271}.Release|Any CPU.Build.0 = Release|Any CPU
	EndGlobalSection
	GlobalSection(SolutionProperties) = preSolution
		HideSolutionNode = FALSE
	EndGlobalSection
EndGlobal
