<?xml version="1.0" encoding="utf-8"?>
<Project ToolsVersion="4.0" xmlns="http://schemas.microsoft.com/developer/msbuild/2003">
  <ItemGroup>
    <Filter Include="SqlScript">
      <UniqueIdentifier>{ca13a5a5-eea3-49a0-b0cf-31cf83545fe5}</UniqueIdentifier>
    </Filter>
    <Filter Include="Config">
      <UniqueIdentifier>{eedc8415-0b85-4f6e-97b4-d9fd69101877}</UniqueIdentifier>
    </Filter>
    <Filter Include="Account">
      <UniqueIdentifier>{2f959bb2-b697-4579-8d31-02bcbd23e6a7}</UniqueIdentifier>
    </Filter>
    <Filter Include="Account\Config">
      <UniqueIdentifier>{1bdf3005-6832-404c-9764-4d642a128c0f}</UniqueIdentifier>
    </Filter>
    <Filter Include="Account\AccountSql">
      <UniqueIdentifier>{54c09520-3946-493e-9e71-2d26b0f571b0}</UniqueIdentifier>
    </Filter>
  </ItemGroup>
  <ItemGroup>
    <None Include="Account.sql">
      <Filter>SqlScript</Filter>
    </None>
  </ItemGroup>
  <ItemGroup>
    <Xml Include="accountConfig.xml">
      <Filter>Config</Filter>
    </Xml>
    <Xml Include="sqlConfig.xml">
      <Filter>Config</Filter>
    </Xml>
    <Xml Include="..\20140101\packages.xml">
      <Filter>Config</Filter>
    </Xml>
  </ItemGroup>
  <ItemGroup>
    <ClCompile Include="..\20140101\AccountConfig.cpp">
      <Filter>Account\Config</Filter>
    </ClCompile>
    <ClCompile Include="..\20140101\AccountLoginB.cpp">
      <Filter>Account\AccountSql</Filter>
    </ClCompile>
  </ItemGroup>
  <ItemGroup>
    <ClInclude Include="..\20140101\AccountConfig.h">
      <Filter>Account\Config</Filter>
    </ClInclude>
    <ClInclude Include="..\20140101\AccountInc.h">
      <Filter>Account</Filter>
    </ClInclude>
    <ClInclude Include="..\20140101\AccountLoginB.h">
      <Filter>Account\AccountSql</Filter>
    </ClInclude>
  </ItemGroup>
</Project>