<?xml version="1.0" encoding="utf-8"?>
<Project ToolsVersion="4.0" xmlns="http://schemas.microsoft.com/developer/msbuild/2003">
  <ItemGroup>
    <Filter Include="Include">
      <UniqueIdentifier>{9a30ad6b-b566-47a5-b1c4-4f34438407c9}</UniqueIdentifier>
    </Filter>
    <Filter Include="Library">
      <UniqueIdentifier>{5320e211-daf3-47db-8376-5db47b47b70f}</UniqueIdentifier>
    </Filter>
    <Filter Include="Package">
      <UniqueIdentifier>{bdf67af2-4f56-4211-b9cb-058858efe249}</UniqueIdentifier>
    </Filter>
    <Filter Include="Library\Bzlib">
      <UniqueIdentifier>{e84a6a85-9069-48c5-b39d-b45c75075b22}</UniqueIdentifier>
    </Filter>
    <Filter Include="Library\RapidXml">
      <UniqueIdentifier>{cef5e96c-dd7d-4a6e-b816-946a89c7a551}</UniqueIdentifier>
    </Filter>
    <Filter Include="Package\Bin">
      <UniqueIdentifier>{be447196-b97d-44c0-ad83-8f49ac103693}</UniqueIdentifier>
    </Filter>
    <Filter Include="Package\Mpq">
      <UniqueIdentifier>{19cddce3-3b01-4960-a165-e1a43647b910}</UniqueIdentifier>
    </Filter>
    <Filter Include="Package\Xml">
      <UniqueIdentifier>{44265e2b-f5e5-4b6a-b6ad-53d25b4ba9ad}</UniqueIdentifier>
    </Filter>
    <Filter Include="Property">
      <UniqueIdentifier>{db4b5d4b-39a4-4132-8c5e-63f0a51e6c38}</UniqueIdentifier>
    </Filter>
    <Filter Include="Common">
      <UniqueIdentifier>{ffcc6715-96b1-48ef-9316-4ce7e7caa7e9}</UniqueIdentifier>
    </Filter>
    <Filter Include="Account">
      <UniqueIdentifier>{840a152b-f5cf-41c6-9f25-f6f40391530d}</UniqueIdentifier>
    </Filter>
    <Filter Include="SqlQuery">
      <UniqueIdentifier>{22465b9d-7ac6-40dd-8be1-a93684e25154}</UniqueIdentifier>
    </Filter>
    <Filter Include="SqlQuery\SqlFormat">
      <UniqueIdentifier>{f6c5575b-9863-4320-823e-061bb6100204}</UniqueIdentifier>
    </Filter>
    <Filter Include="SqlQuery\SqlConnection">
      <UniqueIdentifier>{9e36b632-cb3b-492f-b182-9b39dae85128}</UniqueIdentifier>
    </Filter>
  </ItemGroup>
  <ItemGroup>
    <ClCompile Include="bzlib\blocksort.c">
      <Filter>Library\Bzlib</Filter>
    </ClCompile>
    <ClCompile Include="bzlib\bzlib.c">
      <Filter>Library\Bzlib</Filter>
    </ClCompile>
    <ClCompile Include="bzlib\compress.c">
      <Filter>Library\Bzlib</Filter>
    </ClCompile>
    <ClCompile Include="bzlib\crctable.c">
      <Filter>Library\Bzlib</Filter>
    </ClCompile>
    <ClCompile Include="bzlib\decompress.c">
      <Filter>Library\Bzlib</Filter>
    </ClCompile>
    <ClCompile Include="bzlib\huffman.c">
      <Filter>Library\Bzlib</Filter>
    </ClCompile>
    <ClCompile Include="bzlib\randtable.c">
      <Filter>Library\Bzlib</Filter>
    </ClCompile>
    <ClCompile Include="common\CompressSingleton.cpp">
      <Filter>Common</Filter>
    </ClCompile>
    <ClCompile Include="common\HashSingleton.cpp">
      <Filter>Common</Filter>
    </ClCompile>
    <ClCompile Include="common\LogSingleton.cpp">
      <Filter>Common</Filter>
    </ClCompile>
    <ClCompile Include="package\bin\BinReader.cpp">
      <Filter>Package\Bin</Filter>
    </ClCompile>
    <ClCompile Include="package\bin\BinWriter.cpp">
      <Filter>Package\Bin</Filter>
    </ClCompile>
    <ClCompile Include="package\xml\XmlReader.cpp">
      <Filter>Package\Xml</Filter>
    </ClCompile>
    <ClCompile Include="package\mpq\MpqExport.cpp">
      <Filter>Package\Mpq</Filter>
    </ClCompile>
    <ClCompile Include="package\mpq\MpqHash.cpp">
      <Filter>Package\Mpq</Filter>
    </ClCompile>
    <ClCompile Include="package\mpq\MpqHead.cpp">
      <Filter>Package\Mpq</Filter>
    </ClCompile>
    <ClCompile Include="package\mpq\MpqReader.cpp">
      <Filter>Package\Mpq</Filter>
    </ClCompile>
    <ClCompile Include="package\mpq\MpqWriter.cpp">
      <Filter>Package\Mpq</Filter>
    </ClCompile>
    <ClCompile Include="sqlQuery\SqlFormat\SqlFormat.cpp">
      <Filter>SqlQuery\SqlFormat</Filter>
    </ClCompile>
    <ClCompile Include="sqlQuery\SqlConnection\SqlConnection.cpp">
      <Filter>SqlQuery\SqlConnection</Filter>
    </ClCompile>
    <ClCompile Include="sqlQuery\SqlConnection\SqlSingleton.cpp">
      <Filter>SqlQuery\SqlConnection</Filter>
    </ClCompile>
    <ClCompile Include="sqlQuery\SqlConnection\SqlResult.cpp">
      <Filter>SqlQuery\SqlConnection</Filter>
    </ClCompile>
    <ClCompile Include="sqlQuery\SqlFormat\SqlParamter.cpp">
      <Filter>SqlQuery\SqlFormat</Filter>
    </ClCompile>
    <ClCompile Include="sqlQuery\SqlFormat\BlobSqlParamter.cpp">
      <Filter>SqlQuery\SqlFormat</Filter>
    </ClCompile>
    <ClCompile Include="sqlQuery\SqlFormat\StringSqlParamter.cpp">
      <Filter>SqlQuery\SqlFormat</Filter>
    </ClCompile>
    <ClCompile Include="property\Property.cpp">
      <Filter>Property</Filter>
    </ClCompile>
    <ClCompile Include="property\PropertyMgr.cpp">
      <Filter>Property</Filter>
    </ClCompile>
    <ClCompile Include="property\PropertySink.cpp">
      <Filter>Property</Filter>
    </ClCompile>
    <ClCompile Include="Main.cpp">
      <Filter>Include</Filter>
    </ClCompile>
    <ClCompile Include="account\AccountService.cpp">
      <Filter>Account</Filter>
    </ClCompile>
    <ClCompile Include="common\CommonMain.cpp">
      <Filter>Common</Filter>
    </ClCompile>
    <ClCompile Include="sqlQuery\SqlMain.cpp">
      <Filter>SqlQuery</Filter>
    </ClCompile>
    <ClCompile Include="package\PackageMain.cpp">
      <Filter>Package</Filter>
    </ClCompile>
    <ClCompile Include="account\AccountMain.cpp">
      <Filter>Account</Filter>
    </ClCompile>
    <ClCompile Include="common\DeviceService.cpp">
      <Filter>Common</Filter>
    </ClCompile>
    <ClCompile Include="account\AccountMgr.cpp">
      <Filter>Account</Filter>
    </ClCompile>
    <ClCompile Include="account\AccountExport.cpp">
      <Filter>Account</Filter>
    </ClCompile>
  </ItemGroup>
  <ItemGroup>
    <ClInclude Include="bzlib\bzlib.h">
      <Filter>Library\Bzlib</Filter>
    </ClInclude>
    <ClInclude Include="bzlib\bzlib_private.h">
      <Filter>Library\Bzlib</Filter>
    </ClInclude>
    <ClInclude Include="rapidxml\rapidxml.hpp">
      <Filter>Library\RapidXml</Filter>
    </ClInclude>
    <ClInclude Include="rapidxml\rapidxml_iterators.hpp">
      <Filter>Library\RapidXml</Filter>
    </ClInclude>
    <ClInclude Include="rapidxml\rapidxml_print.hpp">
      <Filter>Library\RapidXml</Filter>
    </ClInclude>
    <ClInclude Include="rapidxml\rapidxml_utils.hpp">
      <Filter>Library\RapidXml</Filter>
    </ClInclude>
    <ClInclude Include="common\__singleton.h">
      <Filter>Common</Filter>
    </ClInclude>
    <ClInclude Include="common\_convert.h">
      <Filter>Common</Filter>
    </ClInclude>
    <ClInclude Include="common\Common.h">
      <Filter>Common</Filter>
    </ClInclude>
    <ClInclude Include="common\CompressSingleton.h">
      <Filter>Common</Filter>
    </ClInclude>
    <ClInclude Include="common\HashSingleton.h">
      <Filter>Common</Filter>
    </ClInclude>
    <ClInclude Include="common\LogSingleton.h">
      <Filter>Common</Filter>
    </ClInclude>
    <ClInclude Include="common\crypt_buf.h">
      <Filter>Common</Filter>
    </ClInclude>
    <ClInclude Include="Include.h">
      <Filter>Include</Filter>
    </ClInclude>
    <ClInclude Include="common\CommonInc-.h">
      <Filter>Common</Filter>
    </ClInclude>
    <ClInclude Include="common\CommonInc.h">
      <Filter>Common</Filter>
    </ClInclude>
    <ClInclude Include="Library.h">
      <Filter>Include</Filter>
    </ClInclude>
    <ClInclude Include="SysInc.h">
      <Filter>Include</Filter>
    </ClInclude>
    <ClInclude Include="package\bin\BinReader.h">
      <Filter>Package\Bin</Filter>
    </ClInclude>
    <ClInclude Include="package\bin\BinWriter.h">
      <Filter>Package\Bin</Filter>
    </ClInclude>
    <ClInclude Include="package\xml\XmlReader.h">
      <Filter>Package\Xml</Filter>
    </ClInclude>
    <ClInclude Include="package\PackageInc.h">
      <Filter>Package</Filter>
    </ClInclude>
    <ClInclude Include="package\PackageInc-.h">
      <Filter>Package</Filter>
    </ClInclude>
    <ClInclude Include="package\mpq\MpqExport.h">
      <Filter>Package\Mpq</Filter>
    </ClInclude>
    <ClInclude Include="package\mpq\MpqHash.h">
      <Filter>Package\Mpq</Filter>
    </ClInclude>
    <ClInclude Include="package\mpq\MpqHead.h">
      <Filter>Package\Mpq</Filter>
    </ClInclude>
    <ClInclude Include="package\mpq\MpqReader.h">
      <Filter>Package\Mpq</Filter>
    </ClInclude>
    <ClInclude Include="package\mpq\MpqWriter.h">
      <Filter>Package\Mpq</Filter>
    </ClInclude>
    <ClInclude Include="sqlQuery\SqlFormat\SqlDeal_.h">
      <Filter>SqlQuery\SqlFormat</Filter>
    </ClInclude>
    <ClInclude Include="sqlQuery\SqlFormat\SqlFieldId_.h">
      <Filter>SqlQuery\SqlFormat</Filter>
    </ClInclude>
    <ClInclude Include="sqlQuery\SqlFormat\SqlFormat.h">
      <Filter>SqlQuery\SqlFormat</Filter>
    </ClInclude>
    <ClInclude Include="sqlQuery\SqlFormat\SqlType_.h">
      <Filter>SqlQuery\SqlFormat</Filter>
    </ClInclude>
    <ClInclude Include="sqlQuery\SqlConnection\SqlConnection.h">
      <Filter>SqlQuery\SqlConnection</Filter>
    </ClInclude>
    <ClInclude Include="sqlQuery\SqlConnection\SqlSingleton.h">
      <Filter>SqlQuery\SqlConnection</Filter>
    </ClInclude>
    <ClInclude Include="sqlQuery\SqlInc.h">
      <Filter>SqlQuery</Filter>
    </ClInclude>
    <ClInclude Include="sqlQuery\SqlInc-.h">
      <Filter>SqlQuery</Filter>
    </ClInclude>
    <ClInclude Include="sqlQuery\SqlConnection\SqlResult.h">
      <Filter>SqlQuery\SqlConnection</Filter>
    </ClInclude>
    <ClInclude Include="sqlQuery\SqlFormat\SqlParamter.h">
      <Filter>SqlQuery\SqlFormat</Filter>
    </ClInclude>
    <ClInclude Include="sqlQuery\SqlFormat\BlobSqlParamter.h">
      <Filter>SqlQuery\SqlFormat</Filter>
    </ClInclude>
    <ClInclude Include="sqlQuery\SqlFormat\StringSqlParamter.h">
      <Filter>SqlQuery\SqlFormat</Filter>
    </ClInclude>
    <ClInclude Include="property\Property.h">
      <Filter>Property</Filter>
    </ClInclude>
    <ClInclude Include="property\PropertyMgr.h">
      <Filter>Property</Filter>
    </ClInclude>
    <ClInclude Include="property\PropertyInc.h">
      <Filter>Property</Filter>
    </ClInclude>
    <ClInclude Include="property\PropertyInc-.h">
      <Filter>Property</Filter>
    </ClInclude>
    <ClInclude Include="property\IProtertyId.h">
      <Filter>Property</Filter>
    </ClInclude>
    <ClInclude Include="property\PropertyId.h">
      <Filter>Property</Filter>
    </ClInclude>
    <ClInclude Include="property\PropertySink.h">
      <Filter>Property</Filter>
    </ClInclude>
    <ClInclude Include="Main.h">
      <Filter>Include</Filter>
    </ClInclude>
    <ClInclude Include="account\AccountService.h">
      <Filter>Account</Filter>
    </ClInclude>
    <ClInclude Include="account\AccountInc.h">
      <Filter>Account</Filter>
    </ClInclude>
    <ClInclude Include="account\AccountInc-.h">
      <Filter>Account</Filter>
    </ClInclude>
    <ClInclude Include="common\CommonMain.h">
      <Filter>Common</Filter>
    </ClInclude>
    <ClInclude Include="sqlQuery\SqlMain.h">
      <Filter>SqlQuery</Filter>
    </ClInclude>
    <ClInclude Include="package\PackageMain.h">
      <Filter>Package</Filter>
    </ClInclude>
    <ClInclude Include="account\AccountMain.h">
      <Filter>Account</Filter>
    </ClInclude>
    <ClInclude Include="common\DeviceService.h">
      <Filter>Common</Filter>
    </ClInclude>
    <ClInclude Include="account\AccountMgr.h">
      <Filter>Account</Filter>
    </ClInclude>
    <ClInclude Include="account\AccountExport.h">
      <Filter>Account</Filter>
    </ClInclude>
  </ItemGroup>
</Project>