<?xml version="1.0" encoding="utf-8"?>
<Project ToolsVersion="4.0" xmlns="http://schemas.microsoft.com/developer/msbuild/2003">
  <ItemGroup>
    <Filter Include="Include">
      <UniqueIdentifier>{9a30ad6b-b566-47a5-b1c4-4f34438407c9}</UniqueIdentifier>
    </Filter>
    <Filter Include="Library">
      <UniqueIdentifier>{5320e211-daf3-47db-8376-5db47b47b70f}</UniqueIdentifier>
    </Filter>
    <Filter Include="Package">
      <UniqueIdentifier>{bdf67af2-4f56-4211-b9cb-058858efe249}</UniqueIdentifier>
    </Filter>
    <Filter Include="Library\Bzlib">
      <UniqueIdentifier>{e84a6a85-9069-48c5-b39d-b45c75075b22}</UniqueIdentifier>
    </Filter>
    <Filter Include="Library\RapidXml">
      <UniqueIdentifier>{cef5e96c-dd7d-4a6e-b816-946a89c7a551}</UniqueIdentifier>
    </Filter>
    <Filter Include="Package\Bin">
      <UniqueIdentifier>{be447196-b97d-44c0-ad83-8f49ac103693}</UniqueIdentifier>
    </Filter>
    <Filter Include="Package\Mpq">
      <UniqueIdentifier>{19cddce3-3b01-4960-a165-e1a43647b910}</UniqueIdentifier>
    </Filter>
    <Filter Include="Package\Xml">
      <UniqueIdentifier>{44265e2b-f5e5-4b6a-b6ad-53d25b4ba9ad}</UniqueIdentifier>
    </Filter>
    <Filter Include="Property">
      <UniqueIdentifier>{db4b5d4b-39a4-4132-8c5e-63f0a51e6c38}</UniqueIdentifier>
    </Filter>
    <Filter Include="Common">
      <UniqueIdentifier>{ffcc6715-96b1-48ef-9316-4ce7e7caa7e9}</UniqueIdentifier>
    </Filter>
    <Filter Include="Account">
      <UniqueIdentifier>{840a152b-f5cf-41c6-9f25-f6f40391530d}</UniqueIdentifier>
    </Filter>
    <Filter Include="SqlQuery">
      <UniqueIdentifier>{22465b9d-7ac6-40dd-8be1-a93684e25154}</UniqueIdentifier>
    </Filter>
    <Filter Include="SqlQuery\SqlFormat">
      <UniqueIdentifier>{f6c5575b-9863-4320-823e-061bb6100204}</UniqueIdentifier>
    </Filter>
    <Filter Include="SqlQuery\SqlConnection">
      <UniqueIdentifier>{9e36b632-cb3b-492f-b182-9b39dae85128}</UniqueIdentifier>
    </Filter>
  </ItemGroup>
</Project>